
Microsoft Visual Studio Solution File, Format Version 12.00
# Visual Studio Version 16
VisualStudioVersion = 16.0.29123.88
MinimumVisualStudioVersion = 10.0.40219.1
Project("{8BC9CEB8-8B4A-11D0-8D11-00A0C91BC942}") = "ROC_dataPreprocessing", "ROC_dataPreprocessing\ROC_dataPreprocessing.vcxproj", "{5DFF4241-4767-47E6-B683-FA262A7BDE9A}"
EndProject
Global
	GlobalSection(SolutionConfigurationPlatforms) = preSolution
		Debug|x64 = Debug|x64
		Debug|x86 = Debug|x86
		Release|x64 = Release|x64
		Release|x86 = Release|x86
	EndGlobalSection
	GlobalSection(ProjectConfigurationPlatforms) = postSolution
		{5DFF4241-4767-47E6-B683-FA262A7BDE9A}.Debug|x64.ActiveCfg = Debug|x64
		{5DFF4241-4767-47E6-B683-FA262A7BDE9A}.Debug|x64.Build.0 = Debug|x64
		{5DFF4241-4767-47E6-B683-FA262A7BDE9A}.Debug|x86.ActiveCfg = Debug|Win32
		{5DFF4241-4767-47E6-B683-FA262A7BDE9A}.Debug|x86.Build.0 = Debug|Win32
		{5DFF4241-4767-47E6-B683-FA262A7BDE9A}.Release|x64.ActiveCfg = Release|x64
		{5DFF4241-4767-47E6-B683-FA262A7BDE9A}.Release|x64.Build.0 = Release|x64
		{5DFF4241-4767-47E6-B683-FA262A7BDE9A}.Release|x86.ActiveCfg = Release|Win32
		{5DFF4241-4767-47E6-B683-FA262A7BDE9A}.Release|x86.Build.0 = Release|Win32
	EndGlobalSection
	GlobalSection(SolutionProperties) = preSolution
		HideSolutionNode = FALSE
	EndGlobalSection
	GlobalSection(ExtensibilityGlobals) = postSolution
		SolutionGuid = {309505BD-483A-4B0B-8A03-3DB535A6DD4A}
	EndGlobalSection
EndGlobal
